# THIS IS AN AUTOGENERATED FILE. DO NOT EDIT THIS FILE DIRECTLY.
# yarn lockfile v1


deprecated@^0.0.2:
  version "0.0.2"
  resolved "https://registry.yarnpkg.com/deprecated/-/deprecated-0.0.2.tgz#bc9dcf9bce9174fcf9090cf1295131c439c682fd"
  integrity sha512-vt7tvBJtDu1pmn8HTUc/Q3lSkrgah4Tl5IbbBzqu33jcPQlihAGAO9yD4ubfhFh/xyXD+HbUX1Dg6PwnARWxag==

js-tokens@^8.0.0:
  version "8.0.1"
  resolved "https://registry.yarnpkg.com/js-tokens/-/js-tokens-8.0.1.tgz#f068fde9bd2f9f4a24ad78f3b4fa787216b433e3"
  integrity sha512-3AGrZT6tuMm1ZWWn9mLXh7XMfi2YtiLNPALCVxBCiUVq0LD1OQMxV/AdS/s7rLJU5o9i/jBZw/N4vXXL5dm29A==

semver@^6.3.0:
  version "6.3.0"
  resolved "https://registry.yarnpkg.com/semver/-/semver-6.3.0.tgz#ee0a64c8af5e8ceea67687b133761e1becbd1d3d"
  integrity sha512-b39TBaTSfV6yBrapU89p5fKekE2m/NwnDocOVruQFS1/veMgdzuPcnOM34M6CwxW8jH/lxEa5rBoDeUwu5HHTw==
