# THIS IS AN AUTOGENERATED FILE. DO NOT EDIT THIS FILE DIRECTLY.
# yarn lockfile v1


js-tokens@^8.0.0:
  version "8.0.0"
  resolved "https://registry.yarnpkg.com/js-tokens/-/js-tokens-8.0.0.tgz#f068fde9bd2f9f4a24ad78f3b4fa787216b433e3"
  integrity sha512-3AGrZT6tuMm1ZWWn9mLXh7XMfi2YtiLNPALCVxBCiUVq0LD1OQMxV/AdS/s7rLJU5o9i/jBZw/N4vXXL5dm29A==
