# THIS IS AN AUTOGENERATED FILE. DO NOT EDIT THIS FILE DIRECTLY.
# yarn lockfile v1


deprecated@^0.0.2:
  version "0.0.2"
  resolved "https://registry.yarnpkg.com/deprecated/-/deprecated-0.0.2.tgz#bc9dcf9bce9174fcf9090cf1295131c439c682fd"
  integrity sha512-vt7tvBJtDu1pmn8HTUc/Q3lSkrgah4Tl5IbbBzqu33jcPQlihAGAO9yD4ubfhFh/xyXD+HbUX1Dg6PwnARWxag==
